
Microsoft Visual Studio Solution File, Format Version 12.00
# Visual Studio Version 17
VisualStudioVersion = 17.13.35825.156 d17.13
MinimumVisualStudioVersion = 10.0.40219.1
Project("{FAE04EC0-301F-11D3-BF4B-00C04F79EFBC}") = "Projeto_Questao1", "Projeto_ListaExercicio2\Projeto_Questao1.csproj", "{AC86FC23-DE7C-4E0E-820B-E08C26F11AA2}"
EndProject
Project("{FAE04EC0-301F-11D3-BF4B-00C04F79EFBC}") = "Projeto_Questao2", "Projeto_Questao2\Projeto_Questao2.csproj", "{C8280FB3-09F2-4386-900A-F792C42F20A2}"
EndProject
Project("{FAE04EC0-301F-11D3-BF4B-00C04F79EFBC}") = "Projeto_Questao3", "Projeto_Questao3\Projeto_Questao3.csproj", "{BE0763A7-E732-44C4-96EE-B7760C9F5264}"
EndProject
Project("{FAE04EC0-301F-11D3-BF4B-00C04F79EFBC}") = "Projeto_Questao4", "Projeto_Questao4\Projeto_Questao4.csproj", "{1662A9F7-409E-4D7D-8724-D26C7D4DFC29}"
EndProject
Project("{FAE04EC0-301F-11D3-BF4B-00C04F79EFBC}") = "Projeto_Questao5", "Projeto_Questao5\Projeto_Questao5.csproj", "{27367D2A-A627-4327-94CC-586C427987D6}"
EndProject
Project("{FAE04EC0-301F-11D3-BF4B-00C04F79EFBC}") = "Projeto_Questao6", "Projeto_Questao6\Projeto_Questao6.csproj", "{267BEEDF-701E-4822-9A35-17CA8A11B1C9}"
EndProject
Project("{FAE04EC0-301F-11D3-BF4B-00C04F79EFBC}") = "Projeto_Questao7", "Projeto_Questao7\Projeto_Questao7.csproj", "{19917C73-8B25-4713-9FE6-57937D575643}"
EndProject
Project("{FAE04EC0-301F-11D3-BF4B-00C04F79EFBC}") = "Projeto_Questao8", "Projeto_Questao8\Projeto_Questao8.csproj", "{E89104E0-9755-461A-B655-C8C01587A29F}"
EndProject
Project("{FAE04EC0-301F-11D3-BF4B-00C04F79EFBC}") = "Projeto_Questao9", "Projeto_Questao9\Projeto_Questao9.csproj", "{F24D4A2D-D3AC-4EA7-96F6-1BD3056B73BC}"
EndProject
Project("{FAE04EC0-301F-11D3-BF4B-00C04F79EFBC}") = "Programa_Questão10", "Programa_Questão10\Programa_Questão10.csproj", "{546BE1C3-4F96-4D4F-8280-F9F6F6DBE552}"
EndProject
Project("{FAE04EC0-301F-11D3-BF4B-00C04F79EFBC}") = "Projeto_Questao11", "Projeto_Questao11\Projeto_Questao11.csproj", "{9C56F199-C032-4064-9BCB-EEA99F780CB3}"
EndProject
Project("{FAE04EC0-301F-11D3-BF4B-00C04F79EFBC}") = "Programa_Questao12", "Programa_Questao12\Programa_Questao12.csproj", "{A19D0009-B4CE-43B6-B2FB-895C699AE1AA}"
EndProject
Project("{FAE04EC0-301F-11D3-BF4B-00C04F79EFBC}") = "Projeto_Questao14", "Projeto_Questao14\Projeto_Questao14.csproj", "{833B3D0F-EBB8-46BF-8405-CB0E6BDD34D6}"
EndProject
Project("{FAE04EC0-301F-11D3-BF4B-00C04F79EFBC}") = "Programa_Questao15", "Programa_Questao15\Programa_Questao15.csproj", "{09C64740-F4A4-4F69-9AEE-3E2A9C2C2AEB}"
EndProject
Global
	GlobalSection(SolutionConfigurationPlatforms) = preSolution
		Debug|Any CPU = Debug|Any CPU
		Release|Any CPU = Release|Any CPU
	EndGlobalSection
	GlobalSection(ProjectConfigurationPlatforms) = postSolution
		{AC86FC23-DE7C-4E0E-820B-E08C26F11AA2}.Debug|Any CPU.ActiveCfg = Debug|Any CPU
		{AC86FC23-DE7C-4E0E-820B-E08C26F11AA2}.Debug|Any CPU.Build.0 = Debug|Any CPU
		{AC86FC23-DE7C-4E0E-820B-E08C26F11AA2}.Release|Any CPU.ActiveCfg = Release|Any CPU
		{AC86FC23-DE7C-4E0E-820B-E08C26F11AA2}.Release|Any CPU.Build.0 = Release|Any CPU
		{C8280FB3-09F2-4386-900A-F792C42F20A2}.Debug|Any CPU.ActiveCfg = Debug|Any CPU
		{C8280FB3-09F2-4386-900A-F792C42F20A2}.Debug|Any CPU.Build.0 = Debug|Any CPU
		{C8280FB3-09F2-4386-900A-F792C42F20A2}.Release|Any CPU.ActiveCfg = Release|Any CPU
		{C8280FB3-09F2-4386-900A-F792C42F20A2}.Release|Any CPU.Build.0 = Release|Any CPU
		{BE0763A7-E732-44C4-96EE-B7760C9F5264}.Debug|Any CPU.ActiveCfg = Debug|Any CPU
		{BE0763A7-E732-44C4-96EE-B7760C9F5264}.Debug|Any CPU.Build.0 = Debug|Any CPU
		{BE0763A7-E732-44C4-96EE-B7760C9F5264}.Release|Any CPU.ActiveCfg = Release|Any CPU
		{BE0763A7-E732-44C4-96EE-B7760C9F5264}.Release|Any CPU.Build.0 = Release|Any CPU
		{1662A9F7-409E-4D7D-8724-D26C7D4DFC29}.Debug|Any CPU.ActiveCfg = Debug|Any CPU
		{1662A9F7-409E-4D7D-8724-D26C7D4DFC29}.Debug|Any CPU.Build.0 = Debug|Any CPU
		{1662A9F7-409E-4D7D-8724-D26C7D4DFC29}.Release|Any CPU.ActiveCfg = Release|Any CPU
		{1662A9F7-409E-4D7D-8724-D26C7D4DFC29}.Release|Any CPU.Build.0 = Release|Any CPU
		{27367D2A-A627-4327-94CC-586C427987D6}.Debug|Any CPU.ActiveCfg = Debug|Any CPU
		{27367D2A-A627-4327-94CC-586C427987D6}.Debug|Any CPU.Build.0 = Debug|Any CPU
		{27367D2A-A627-4327-94CC-586C427987D6}.Release|Any CPU.ActiveCfg = Release|Any CPU
		{27367D2A-A627-4327-94CC-586C427987D6}.Release|Any CPU.Build.0 = Release|Any CPU
		{267BEEDF-701E-4822-9A35-17CA8A11B1C9}.Debug|Any CPU.ActiveCfg = Debug|Any CPU
		{267BEEDF-701E-4822-9A35-17CA8A11B1C9}.Debug|Any CPU.Build.0 = Debug|Any CPU
		{267BEEDF-701E-4822-9A35-17CA8A11B1C9}.Release|Any CPU.ActiveCfg = Release|Any CPU
		{267BEEDF-701E-4822-9A35-17CA8A11B1C9}.Release|Any CPU.Build.0 = Release|Any CPU
		{19917C73-8B25-4713-9FE6-57937D575643}.Debug|Any CPU.ActiveCfg = Debug|Any CPU
		{19917C73-8B25-4713-9FE6-57937D575643}.Debug|Any CPU.Build.0 = Debug|Any CPU
		{19917C73-8B25-4713-9FE6-57937D575643}.Release|Any CPU.ActiveCfg = Release|Any CPU
		{19917C73-8B25-4713-9FE6-57937D575643}.Release|Any CPU.Build.0 = Release|Any CPU
		{E89104E0-9755-461A-B655-C8C01587A29F}.Debug|Any CPU.ActiveCfg = Debug|Any CPU
		{E89104E0-9755-461A-B655-C8C01587A29F}.Debug|Any CPU.Build.0 = Debug|Any CPU
		{E89104E0-9755-461A-B655-C8C01587A29F}.Release|Any CPU.ActiveCfg = Release|Any CPU
		{E89104E0-9755-461A-B655-C8C01587A29F}.Release|Any CPU.Build.0 = Release|Any CPU
		{F24D4A2D-D3AC-4EA7-96F6-1BD3056B73BC}.Debug|Any CPU.ActiveCfg = Debug|Any CPU
		{F24D4A2D-D3AC-4EA7-96F6-1BD3056B73BC}.Debug|Any CPU.Build.0 = Debug|Any CPU
		{F24D4A2D-D3AC-4EA7-96F6-1BD3056B73BC}.Release|Any CPU.ActiveCfg = Release|Any CPU
		{F24D4A2D-D3AC-4EA7-96F6-1BD3056B73BC}.Release|Any CPU.Build.0 = Release|Any CPU
		{546BE1C3-4F96-4D4F-8280-F9F6F6DBE552}.Debug|Any CPU.ActiveCfg = Debug|Any CPU
		{546BE1C3-4F96-4D4F-8280-F9F6F6DBE552}.Debug|Any CPU.Build.0 = Debug|Any CPU
		{546BE1C3-4F96-4D4F-8280-F9F6F6DBE552}.Release|Any CPU.ActiveCfg = Release|Any CPU
		{546BE1C3-4F96-4D4F-8280-F9F6F6DBE552}.Release|Any CPU.Build.0 = Release|Any CPU
		{9C56F199-C032-4064-9BCB-EEA99F780CB3}.Debug|Any CPU.ActiveCfg = Debug|Any CPU
		{9C56F199-C032-4064-9BCB-EEA99F780CB3}.Debug|Any CPU.Build.0 = Debug|Any CPU
		{9C56F199-C032-4064-9BCB-EEA99F780CB3}.Release|Any CPU.ActiveCfg = Release|Any CPU
		{9C56F199-C032-4064-9BCB-EEA99F780CB3}.Release|Any CPU.Build.0 = Release|Any CPU
		{A19D0009-B4CE-43B6-B2FB-895C699AE1AA}.Debug|Any CPU.ActiveCfg = Debug|Any CPU
		{A19D0009-B4CE-43B6-B2FB-895C699AE1AA}.Debug|Any CPU.Build.0 = Debug|Any CPU
		{A19D0009-B4CE-43B6-B2FB-895C699AE1AA}.Release|Any CPU.ActiveCfg = Release|Any CPU
		{A19D0009-B4CE-43B6-B2FB-895C699AE1AA}.Release|Any CPU.Build.0 = Release|Any CPU
		{833B3D0F-EBB8-46BF-8405-CB0E6BDD34D6}.Debug|Any CPU.ActiveCfg = Debug|Any CPU
		{833B3D0F-EBB8-46BF-8405-CB0E6BDD34D6}.Debug|Any CPU.Build.0 = Debug|Any CPU
		{833B3D0F-EBB8-46BF-8405-CB0E6BDD34D6}.Release|Any CPU.ActiveCfg = Release|Any CPU
		{833B3D0F-EBB8-46BF-8405-CB0E6BDD34D6}.Release|Any CPU.Build.0 = Release|Any CPU
		{09C64740-F4A4-4F69-9AEE-3E2A9C2C2AEB}.Debug|Any CPU.ActiveCfg = Debug|Any CPU
		{09C64740-F4A4-4F69-9AEE-3E2A9C2C2AEB}.Debug|Any CPU.Build.0 = Debug|Any CPU
		{09C64740-F4A4-4F69-9AEE-3E2A9C2C2AEB}.Release|Any CPU.ActiveCfg = Release|Any CPU
		{09C64740-F4A4-4F69-9AEE-3E2A9C2C2AEB}.Release|Any CPU.Build.0 = Release|Any CPU
	EndGlobalSection
	GlobalSection(SolutionProperties) = preSolution
		HideSolutionNode = FALSE
	EndGlobalSection
	GlobalSection(ExtensibilityGlobals) = postSolution
		SolutionGuid = {2460C828-D788-42D3-8663-4ACB838FB4DB}
	EndGlobalSection
EndGlobal
